
Microsoft Visual Studio Solution File, Format Version 12.00
# Visual Studio Version 17
VisualStudioVersion = 17.3.32929.385
MinimumVisualStudioVersion = 10.0.40219.1
Project("{9A19103F-16F7-4668-BE54-9A1E7A4F7556}") = "PizzaShop_Course", "PizzaShop_Course\PizzaShop_Course.csproj", "{457FF4D3-058D-4F64-A522-0E4F31C56652}"
EndProject
Project("{FAE04EC0-301F-11D3-BF4B-00C04F79EFBC}") = "Tests", "Tests\Tests.csproj", "{B28AFA3C-BF44-424C-9BB4-1F04EE3A2064}"
EndProject
Global
	GlobalSection(SolutionConfigurationPlatforms) = preSolution
		Debug|Any CPU = Debug|Any CPU
		Release|Any CPU = Release|Any CPU
	EndGlobalSection
	GlobalSection(ProjectConfigurationPlatforms) = postSolution
		{457FF4D3-058D-4F64-A522-0E4F31C56652}.Debug|Any CPU.ActiveCfg = Debug|Any CPU
		{457FF4D3-058D-4F64-A522-0E4F31C56652}.Debug|Any CPU.Build.0 = Debug|Any CPU
		{457FF4D3-058D-4F64-A522-0E4F31C56652}.Release|Any CPU.ActiveCfg = Release|Any CPU
		{457FF4D3-058D-4F64-A522-0E4F31C56652}.Release|Any CPU.Build.0 = Release|Any CPU
		{B28AFA3C-BF44-424C-9BB4-1F04EE3A2064}.Debug|Any CPU.ActiveCfg = Debug|Any CPU
		{B28AFA3C-BF44-424C-9BB4-1F04EE3A2064}.Debug|Any CPU.Build.0 = Debug|Any CPU
		{B28AFA3C-BF44-424C-9BB4-1F04EE3A2064}.Release|Any CPU.ActiveCfg = Release|Any CPU
		{B28AFA3C-BF44-424C-9BB4-1F04EE3A2064}.Release|Any CPU.Build.0 = Release|Any CPU
	EndGlobalSection
	GlobalSection(SolutionProperties) = preSolution
		HideSolutionNode = FALSE
	EndGlobalSection
	GlobalSection(ExtensibilityGlobals) = postSolution
		SolutionGuid = {1AF3FDE1-E3B0-4DA2-A16D-5C38B68ACEF1}
	EndGlobalSection
EndGlobal
